{
  "lockfileVersion": 1,
  "configVersion": 1,
  "workspaces": {
    "": {
      "name": "@openwork/installer",
      "dependencies": {
        "webview-bun": "2.4.0",
      },
    },
  },
  "packages": {
    "webview-bun": ["webview-bun@2.4.0", "", {}, "sha512-0+ugnQlcUHmuW+iLeb+Lzb8rGUJh7WEdXvNsuvaVEXT3EagK380XdD7heVJu0Ek/mNxMY3G2JM142YRQ1hDUGQ=="],
  }
}
